
Microsoft Visual Studio Solution File, Format Version 12.00
# Visual Studio Version 17
VisualStudioVersion = 17.3.32825.248
MinimumVisualStudioVersion = 10.0.40219.1
Project("{FAE04EC0-301F-11D3-BF4B-00C04F79EFBC}") = "AvaloniaTreeTabUiTest", "AvaloniaTreeTabUiTest\AvaloniaTreeTabUiTest.csproj", "{6CDAF9DF-5D5C-4F47-852F-40C1AFACAC6A}"
EndProject
Global
	GlobalSection(SolutionConfigurationPlatforms) = preSolution
		Debug|Any CPU = Debug|Any CPU
		Release|Any CPU = Release|Any CPU
	EndGlobalSection
	GlobalSection(ProjectConfigurationPlatforms) = postSolution
		{6CDAF9DF-5D5C-4F47-852F-40C1AFACAC6A}.Debug|Any CPU.ActiveCfg = Debug|Any CPU
		{6CDAF9DF-5D5C-4F47-852F-40C1AFACAC6A}.Debug|Any CPU.Build.0 = Debug|Any CPU
		{6CDAF9DF-5D5C-4F47-852F-40C1AFACAC6A}.Release|Any CPU.ActiveCfg = Release|Any CPU
		{6CDAF9DF-5D5C-4F47-852F-40C1AFACAC6A}.Release|Any CPU.Build.0 = Release|Any CPU
	EndGlobalSection
	GlobalSection(SolutionProperties) = preSolution
		HideSolutionNode = FALSE
	EndGlobalSection
	GlobalSection(ExtensibilityGlobals) = postSolution
		SolutionGuid = {9C4AC642-C559-4A50-B4C5-4172DDA5785E}
	EndGlobalSection
EndGlobal
